
Microsoft Visual Studio Solution File, Format Version 12.00
# Visual Studio 15
VisualStudioVersion = 15.0.26228.10
MinimumVisualStudioVersion = 10.0.40219.1
Project("{FAE04EC0-301F-11D3-BF4B-00C04F79EFBC}") = "GLSRevitDev", "GLSRevitDev.csproj", "{471C458F-57BE-43E8-BEB8-39510533A0DD}"
EndProject
Project("{FAE04EC0-301F-11D3-BF4B-00C04F79EFBC}") = "DockableDialog", "DockablePanel\DockableDialog.csproj", "{94DD4649-E640-40A5-9248-8041E8C4BB95}"
EndProject
Project("{FAE04EC0-301F-11D3-BF4B-00C04F79EFBC}") = "EventDev", "FormEventDev\EventDev.csproj", "{68DF4CEB-4D29-4FE8-ACE5-6EAA18741706}"
EndProject
Global
	GlobalSection(SolutionConfigurationPlatforms) = preSolution
		Debug|Any CPU = Debug|Any CPU
		Release|Any CPU = Release|Any CPU
	EndGlobalSection
	GlobalSection(ProjectConfigurationPlatforms) = postSolution
		{471C458F-57BE-43E8-BEB8-39510533A0DD}.Debug|Any CPU.ActiveCfg = Debug|Any CPU
		{471C458F-57BE-43E8-BEB8-39510533A0DD}.Debug|Any CPU.Build.0 = Debug|Any CPU
		{471C458F-57BE-43E8-BEB8-39510533A0DD}.Release|Any CPU.ActiveCfg = Release|Any CPU
		{471C458F-57BE-43E8-BEB8-39510533A0DD}.Release|Any CPU.Build.0 = Release|Any CPU
		{94DD4649-E640-40A5-9248-8041E8C4BB95}.Debug|Any CPU.ActiveCfg = Debug|Any CPU
		{94DD4649-E640-40A5-9248-8041E8C4BB95}.Debug|Any CPU.Build.0 = Debug|Any CPU
		{94DD4649-E640-40A5-9248-8041E8C4BB95}.Release|Any CPU.ActiveCfg = Release|Any CPU
		{94DD4649-E640-40A5-9248-8041E8C4BB95}.Release|Any CPU.Build.0 = Release|Any CPU
		{68DF4CEB-4D29-4FE8-ACE5-6EAA18741706}.Debug|Any CPU.ActiveCfg = Debug|Any CPU
		{68DF4CEB-4D29-4FE8-ACE5-6EAA18741706}.Debug|Any CPU.Build.0 = Debug|Any CPU
		{68DF4CEB-4D29-4FE8-ACE5-6EAA18741706}.Release|Any CPU.ActiveCfg = Release|Any CPU
		{68DF4CEB-4D29-4FE8-ACE5-6EAA18741706}.Release|Any CPU.Build.0 = Release|Any CPU
	EndGlobalSection
	GlobalSection(SolutionProperties) = preSolution
		HideSolutionNode = FALSE
	EndGlobalSection
EndGlobal
